{
  "version": 4,
  "terraform_version": "1.2.4",
  "serial": 121,
  "lineage": "73549b45-28bb-7e81-3a6e-db1ef042d9cf",
  "outputs": {
    "resource_group_id": {
      "value": "/subscriptions/fbcaab86-89d2-415d-bea2-e9c0080e273e/resourceGroups/rg-kube",
      "type": "string"
    }
  },
  "resources": [
    {
      "mode": "managed",
      "type": "azurerm_linux_virtual_machine",
      "name": "kubeVMMasterNfs",
      "provider": "provider[\"registry.terraform.io/hashicorp/azurerm\"]",
      "instances": [
        {
          "index_key": 0,
          "schema_version": 0,
          "attributes": {
            "additional_capabilities": [],
            "admin_password": null,
            "admin_ssh_key": [
              {
                "public_key": "ssh-rsa AAAAB3NzaC1yc2EAAAADAQABAAABgQC3ihbnWPTPC2xN6mFIph6A04euGj75R1jMEXBlXAo2wGhyO04fZ0lMJlivCXFHASVsUIh3MqsitJCn7nespT58jdTPgaq7cJWkL/TGvAps7TXOIqj9DA4VxNOvGNIU2bQgzgEQYsQcEE1dLumuxf4h5gCvSGN/AppcviBiBVO88mgE4UStIJVeO0mKxPImzM7ANk7TyCruYToF3i2b/zsn+CKulY7ZDkFQJkh1M2OMNKH999xRGRyuOhL7kK3sSauwwkbL0EuV+V8tIPdFKFIcMSa9Qk+iBv1Lv/NDzE4vGS9Brqne9rQ1Lj3PAHMhyeuGDztFHRpWnrLjvD2nF8HlTRubsH/+03wc+wYeNBthDnngN0re4fmcM+Kfni4PBVWuOh3eNbIF7NGWZgtmtflhVtVZrAP7Ak8wVzGD40UDZg+nvu3wDZaX29VEikXeJvhKEcooJrIVOo+rriUIxV1dfKZb7RjRG58G6IXeiof3S4F+ACmycSgURLzG1RjU+N8= antonio@fedora\n",
                "username": "ansible"
              }
            ],
            "admin_username": "ansible",
            "allow_extension_operations": true,
            "availability_set_id": "",
            "boot_diagnostics": [],
            "computer_name": "kubeVm-master",
            "custom_data": null,
            "dedicated_host_group_id": "",
            "dedicated_host_id": "",
            "disable_password_authentication": true,
            "edge_zone": "",
            "encryption_at_host_enabled": false,
            "eviction_policy": "",
            "extensions_time_budget": "PT1H30M",
            "id": "/subscriptions/fbcaab86-89d2-415d-bea2-e9c0080e273e/resourceGroups/rg-kube/providers/Microsoft.Compute/virtualMachines/kubeVm-master",
            "identity": [],
            "license_type": "",
            "location": "uksouth",
            "max_bid_price": -1,
            "name": "kubeVm-master",
            "network_interface_ids": [
              "/subscriptions/fbcaab86-89d2-415d-bea2-e9c0080e273e/resourceGroups/rg-kube/providers/Microsoft.Network/networkInterfaces/nic-master"
            ],
            "os_disk": [
              {
                "caching": "ReadWrite",
                "diff_disk_settings": [],
                "disk_encryption_set_id": "",
                "disk_size_gb": 30,
                "name": "kubeVm-master_OsDisk_1_ad325f2d00ec4915bfcd0d467ee6730e",
                "secure_vm_disk_encryption_set_id": "",
                "security_encryption_type": "",
                "storage_account_type": "Standard_LRS",
                "write_accelerator_enabled": false
              }
            ],
            "patch_mode": "ImageDefault",
            "plan": [
              {
                "name": "centos-8-stream-free",
                "product": "centos-8-stream-free",
                "publisher": "cognosys"
              }
            ],
            "platform_fault_domain": -1,
            "priority": "Regular",
            "private_ip_address": "10.0.1.11",
            "private_ip_addresses": [
              "10.0.1.11"
            ],
            "provision_vm_agent": true,
            "proximity_placement_group_id": "",
            "public_ip_address": "20.68.180.6",
            "public_ip_addresses": [
              "20.68.180.6"
            ],
            "resource_group_name": "rg-kube",
            "secret": [],
            "secure_boot_enabled": false,
            "size": "Standard_D2_v2",
            "source_image_id": "",
            "source_image_reference": [
              {
                "offer": "centos-8-stream-free",
                "publisher": "cognosys",
                "sku": "centos-8-stream-free",
                "version": "22.03.28"
              }
            ],
            "tags": {
              "environment": "PREPROD"
            },
            "termination_notification": null,
            "timeouts": null,
            "user_data": "",
            "virtual_machine_id": "e918b89a-6065-47de-850f-7df2951d9462",
            "virtual_machine_scale_set_id": "",
            "vtpm_enabled": false,
            "zone": ""
          },
          "sensitive_attributes": [],
          "private": "eyJlMmJmYjczMC1lY2FhLTExZTYtOGY4OC0zNDM2M2JjN2M0YzAiOnsiY3JlYXRlIjoyNzAwMDAwMDAwMDAwLCJkZWxldGUiOjI3MDAwMDAwMDAwMDAsInJlYWQiOjMwMDAwMDAwMDAwMCwidXBkYXRlIjoyNzAwMDAwMDAwMDAwfX0=",
          "dependencies": [
            "azurerm_network_interface.kubeNicMasterNfs",
            "azurerm_public_ip.kubePublicIpMasterNfs",
            "azurerm_resource_group.rg",
            "azurerm_subnet.kubeSubnet",
            "azurerm_virtual_network.kubeNet"
          ]
        },
        {
          "index_key": 1,
          "schema_version": 0,
          "attributes": {
            "additional_capabilities": [],
            "admin_password": null,
            "admin_ssh_key": [
              {
                "public_key": "ssh-rsa AAAAB3NzaC1yc2EAAAADAQABAAABgQC3ihbnWPTPC2xN6mFIph6A04euGj75R1jMEXBlXAo2wGhyO04fZ0lMJlivCXFHASVsUIh3MqsitJCn7nespT58jdTPgaq7cJWkL/TGvAps7TXOIqj9DA4VxNOvGNIU2bQgzgEQYsQcEE1dLumuxf4h5gCvSGN/AppcviBiBVO88mgE4UStIJVeO0mKxPImzM7ANk7TyCruYToF3i2b/zsn+CKulY7ZDkFQJkh1M2OMNKH999xRGRyuOhL7kK3sSauwwkbL0EuV+V8tIPdFKFIcMSa9Qk+iBv1Lv/NDzE4vGS9Brqne9rQ1Lj3PAHMhyeuGDztFHRpWnrLjvD2nF8HlTRubsH/+03wc+wYeNBthDnngN0re4fmcM+Kfni4PBVWuOh3eNbIF7NGWZgtmtflhVtVZrAP7Ak8wVzGD40UDZg+nvu3wDZaX29VEikXeJvhKEcooJrIVOo+rriUIxV1dfKZb7RjRG58G6IXeiof3S4F+ACmycSgURLzG1RjU+N8= antonio@fedora\n",
                "username": "ansible"
              }
            ],
            "admin_username": "ansible",
            "allow_extension_operations": true,
            "availability_set_id": "",
            "boot_diagnostics": [],
            "computer_name": "kubeVm-nfs",
            "custom_data": null,
            "dedicated_host_group_id": "",
            "dedicated_host_id": "",
            "disable_password_authentication": true,
            "edge_zone": "",
            "encryption_at_host_enabled": false,
            "eviction_policy": "",
            "extensions_time_budget": "PT1H30M",
            "id": "/subscriptions/fbcaab86-89d2-415d-bea2-e9c0080e273e/resourceGroups/rg-kube/providers/Microsoft.Compute/virtualMachines/kubeVm-nfs",
            "identity": [],
            "license_type": "",
            "location": "uksouth",
            "max_bid_price": -1,
            "name": "kubeVm-nfs",
            "network_interface_ids": [
              "/subscriptions/fbcaab86-89d2-415d-bea2-e9c0080e273e/resourceGroups/rg-kube/providers/Microsoft.Network/networkInterfaces/nic-nfs"
            ],
            "os_disk": [
              {
                "caching": "ReadWrite",
                "diff_disk_settings": [],
                "disk_encryption_set_id": "",
                "disk_size_gb": 30,
                "name": "kubeVm-nfs_OsDisk_1_cb07755a9fbd4d37a94d6052def4caf6",
                "secure_vm_disk_encryption_set_id": "",
                "security_encryption_type": "",
                "storage_account_type": "Standard_LRS",
                "write_accelerator_enabled": false
              }
            ],
            "patch_mode": "ImageDefault",
            "plan": [
              {
                "name": "centos-8-stream-free",
                "product": "centos-8-stream-free",
                "publisher": "cognosys"
              }
            ],
            "platform_fault_domain": -1,
            "priority": "Regular",
            "private_ip_address": "10.0.1.12",
            "private_ip_addresses": [
              "10.0.1.12"
            ],
            "provision_vm_agent": true,
            "proximity_placement_group_id": "",
            "public_ip_address": "20.77.73.176",
            "public_ip_addresses": [
              "20.77.73.176"
            ],
            "resource_group_name": "rg-kube",
            "secret": [],
            "secure_boot_enabled": false,
            "size": "Standard_D2_v2",
            "source_image_id": "",
            "source_image_reference": [
              {
                "offer": "centos-8-stream-free",
                "publisher": "cognosys",
                "sku": "centos-8-stream-free",
                "version": "22.03.28"
              }
            ],
            "tags": {
              "environment": "PREPROD"
            },
            "termination_notification": null,
            "timeouts": null,
            "user_data": "",
            "virtual_machine_id": "c1090c63-a1b5-4f89-a62b-87ddc15dbab2",
            "virtual_machine_scale_set_id": "",
            "vtpm_enabled": false,
            "zone": ""
          },
          "sensitive_attributes": [],
          "private": "eyJlMmJmYjczMC1lY2FhLTExZTYtOGY4OC0zNDM2M2JjN2M0YzAiOnsiY3JlYXRlIjoyNzAwMDAwMDAwMDAwLCJkZWxldGUiOjI3MDAwMDAwMDAwMDAsInJlYWQiOjMwMDAwMDAwMDAwMCwidXBkYXRlIjoyNzAwMDAwMDAwMDAwfX0=",
          "dependencies": [
            "azurerm_network_interface.kubeNicMasterNfs",
            "azurerm_public_ip.kubePublicIpMasterNfs",
            "azurerm_resource_group.rg",
            "azurerm_subnet.kubeSubnet",
            "azurerm_virtual_network.kubeNet"
          ]
        }
      ]
    },
    {
      "mode": "managed",
      "type": "azurerm_linux_virtual_machine",
      "name": "kubeVMWorkers",
      "provider": "provider[\"registry.terraform.io/hashicorp/azurerm\"]",
      "instances": [
        {
          "index_key": 0,
          "schema_version": 0,
          "attributes": {
            "additional_capabilities": [],
            "admin_password": null,
            "admin_ssh_key": [
              {
                "public_key": "ssh-rsa AAAAB3NzaC1yc2EAAAADAQABAAABgQC3ihbnWPTPC2xN6mFIph6A04euGj75R1jMEXBlXAo2wGhyO04fZ0lMJlivCXFHASVsUIh3MqsitJCn7nespT58jdTPgaq7cJWkL/TGvAps7TXOIqj9DA4VxNOvGNIU2bQgzgEQYsQcEE1dLumuxf4h5gCvSGN/AppcviBiBVO88mgE4UStIJVeO0mKxPImzM7ANk7TyCruYToF3i2b/zsn+CKulY7ZDkFQJkh1M2OMNKH999xRGRyuOhL7kK3sSauwwkbL0EuV+V8tIPdFKFIcMSa9Qk+iBv1Lv/NDzE4vGS9Brqne9rQ1Lj3PAHMhyeuGDztFHRpWnrLjvD2nF8HlTRubsH/+03wc+wYeNBthDnngN0re4fmcM+Kfni4PBVWuOh3eNbIF7NGWZgtmtflhVtVZrAP7Ak8wVzGD40UDZg+nvu3wDZaX29VEikXeJvhKEcooJrIVOo+rriUIxV1dfKZb7RjRG58G6IXeiof3S4F+ACmycSgURLzG1RjU+N8= antonio@fedora\n",
                "username": "ansible"
              }
            ],
            "admin_username": "ansible",
            "allow_extension_operations": true,
            "availability_set_id": "",
            "boot_diagnostics": [],
            "computer_name": "kubeVm-worker01",
            "custom_data": null,
            "dedicated_host_group_id": "",
            "dedicated_host_id": "",
            "disable_password_authentication": true,
            "edge_zone": "",
            "encryption_at_host_enabled": false,
            "eviction_policy": "",
            "extensions_time_budget": "PT1H30M",
            "id": "/subscriptions/fbcaab86-89d2-415d-bea2-e9c0080e273e/resourceGroups/rg-kube/providers/Microsoft.Compute/virtualMachines/kubeVm-worker01",
            "identity": [],
            "license_type": "",
            "location": "uksouth",
            "max_bid_price": -1,
            "name": "kubeVm-worker01",
            "network_interface_ids": [
              "/subscriptions/fbcaab86-89d2-415d-bea2-e9c0080e273e/resourceGroups/rg-kube/providers/Microsoft.Network/networkInterfaces/nic-worker01"
            ],
            "os_disk": [
              {
                "caching": "ReadWrite",
                "diff_disk_settings": [],
                "disk_encryption_set_id": "",
                "disk_size_gb": 30,
                "name": "kubeVm-worker01_OsDisk_1_6b739848b1f74ba082ef0c4f6bc84f2c",
                "secure_vm_disk_encryption_set_id": "",
                "security_encryption_type": "",
                "storage_account_type": "Standard_LRS",
                "write_accelerator_enabled": false
              }
            ],
            "patch_mode": "ImageDefault",
            "plan": [
              {
                "name": "centos-8-stream-free",
                "product": "centos-8-stream-free",
                "publisher": "cognosys"
              }
            ],
            "platform_fault_domain": -1,
            "priority": "Regular",
            "private_ip_address": "10.0.1.14",
            "private_ip_addresses": [
              "10.0.1.14"
            ],
            "provision_vm_agent": true,
            "proximity_placement_group_id": "",
            "public_ip_address": "20.254.112.160",
            "public_ip_addresses": [
              "20.254.112.160"
            ],
            "resource_group_name": "rg-kube",
            "secret": [],
            "secure_boot_enabled": false,
            "size": "Standard_D1_v2",
            "source_image_id": "",
            "source_image_reference": [
              {
                "offer": "centos-8-stream-free",
                "publisher": "cognosys",
                "sku": "centos-8-stream-free",
                "version": "22.03.28"
              }
            ],
            "tags": {
              "environment": "PREPROD"
            },
            "termination_notification": null,
            "timeouts": null,
            "user_data": "",
            "virtual_machine_id": "15c52fd3-dda7-46cb-8bf6-a17f488d5c0b",
            "virtual_machine_scale_set_id": "",
            "vtpm_enabled": false,
            "zone": ""
          },
          "sensitive_attributes": [],
          "private": "eyJlMmJmYjczMC1lY2FhLTExZTYtOGY4OC0zNDM2M2JjN2M0YzAiOnsiY3JlYXRlIjoyNzAwMDAwMDAwMDAwLCJkZWxldGUiOjI3MDAwMDAwMDAwMDAsInJlYWQiOjMwMDAwMDAwMDAwMCwidXBkYXRlIjoyNzAwMDAwMDAwMDAwfX0=",
          "dependencies": [
            "azurerm_network_interface.kubeNicWorkers",
            "azurerm_public_ip.kubePublicIpWorkers",
            "azurerm_resource_group.rg",
            "azurerm_subnet.kubeSubnet",
            "azurerm_virtual_network.kubeNet"
          ]
        },
        {
          "index_key": 1,
          "schema_version": 0,
          "attributes": {
            "additional_capabilities": [],
            "admin_password": null,
            "admin_ssh_key": [
              {
                "public_key": "ssh-rsa AAAAB3NzaC1yc2EAAAADAQABAAABgQC3ihbnWPTPC2xN6mFIph6A04euGj75R1jMEXBlXAo2wGhyO04fZ0lMJlivCXFHASVsUIh3MqsitJCn7nespT58jdTPgaq7cJWkL/TGvAps7TXOIqj9DA4VxNOvGNIU2bQgzgEQYsQcEE1dLumuxf4h5gCvSGN/AppcviBiBVO88mgE4UStIJVeO0mKxPImzM7ANk7TyCruYToF3i2b/zsn+CKulY7ZDkFQJkh1M2OMNKH999xRGRyuOhL7kK3sSauwwkbL0EuV+V8tIPdFKFIcMSa9Qk+iBv1Lv/NDzE4vGS9Brqne9rQ1Lj3PAHMhyeuGDztFHRpWnrLjvD2nF8HlTRubsH/+03wc+wYeNBthDnngN0re4fmcM+Kfni4PBVWuOh3eNbIF7NGWZgtmtflhVtVZrAP7Ak8wVzGD40UDZg+nvu3wDZaX29VEikXeJvhKEcooJrIVOo+rriUIxV1dfKZb7RjRG58G6IXeiof3S4F+ACmycSgURLzG1RjU+N8= antonio@fedora\n",
                "username": "ansible"
              }
            ],
            "admin_username": "ansible",
            "allow_extension_operations": true,
            "availability_set_id": "",
            "boot_diagnostics": [],
            "computer_name": "kubeVm-worker02",
            "custom_data": null,
            "dedicated_host_group_id": "",
            "dedicated_host_id": "",
            "disable_password_authentication": true,
            "edge_zone": "",
            "encryption_at_host_enabled": false,
            "eviction_policy": "",
            "extensions_time_budget": "PT1H30M",
            "id": "/subscriptions/fbcaab86-89d2-415d-bea2-e9c0080e273e/resourceGroups/rg-kube/providers/Microsoft.Compute/virtualMachines/kubeVm-worker02",
            "identity": [],
            "license_type": "",
            "location": "uksouth",
            "max_bid_price": -1,
            "name": "kubeVm-worker02",
            "network_interface_ids": [
              "/subscriptions/fbcaab86-89d2-415d-bea2-e9c0080e273e/resourceGroups/rg-kube/providers/Microsoft.Network/networkInterfaces/nic-worker02"
            ],
            "os_disk": [
              {
                "caching": "ReadWrite",
                "diff_disk_settings": [],
                "disk_encryption_set_id": "",
                "disk_size_gb": 30,
                "name": "kubeVm-worker02_OsDisk_1_8119d59a52644862b6f584597d2d1016",
                "secure_vm_disk_encryption_set_id": "",
                "security_encryption_type": "",
                "storage_account_type": "Standard_LRS",
                "write_accelerator_enabled": false
              }
            ],
            "patch_mode": "ImageDefault",
            "plan": [
              {
                "name": "centos-8-stream-free",
                "product": "centos-8-stream-free",
                "publisher": "cognosys"
              }
            ],
            "platform_fault_domain": -1,
            "priority": "Regular",
            "private_ip_address": "10.0.1.15",
            "private_ip_addresses": [
              "10.0.1.15"
            ],
            "provision_vm_agent": true,
            "proximity_placement_group_id": "",
            "public_ip_address": "20.58.52.170",
            "public_ip_addresses": [
              "20.58.52.170"
            ],
            "resource_group_name": "rg-kube",
            "secret": [],
            "secure_boot_enabled": false,
            "size": "Standard_D1_v2",
            "source_image_id": "",
            "source_image_reference": [
              {
                "offer": "centos-8-stream-free",
                "publisher": "cognosys",
                "sku": "centos-8-stream-free",
                "version": "22.03.28"
              }
            ],
            "tags": {
              "environment": "PREPROD"
            },
            "termination_notification": null,
            "timeouts": null,
            "user_data": "",
            "virtual_machine_id": "f9a86b25-9bcb-432f-ae96-1550c5d26553",
            "virtual_machine_scale_set_id": "",
            "vtpm_enabled": false,
            "zone": ""
          },
          "sensitive_attributes": [],
          "private": "eyJlMmJmYjczMC1lY2FhLTExZTYtOGY4OC0zNDM2M2JjN2M0YzAiOnsiY3JlYXRlIjoyNzAwMDAwMDAwMDAwLCJkZWxldGUiOjI3MDAwMDAwMDAwMDAsInJlYWQiOjMwMDAwMDAwMDAwMCwidXBkYXRlIjoyNzAwMDAwMDAwMDAwfX0=",
          "dependencies": [
            "azurerm_network_interface.kubeNicWorkers",
            "azurerm_public_ip.kubePublicIpWorkers",
            "azurerm_resource_group.rg",
            "azurerm_subnet.kubeSubnet",
            "azurerm_virtual_network.kubeNet"
          ]
        }
      ]
    },
    {
      "mode": "managed",
      "type": "azurerm_network_interface",
      "name": "kubeNicMasterNfs",
      "provider": "provider[\"registry.terraform.io/hashicorp/azurerm\"]",
      "instances": [
        {
          "index_key": 0,
          "schema_version": 0,
          "attributes": {
            "applied_dns_servers": [],
            "dns_servers": [],
            "edge_zone": "",
            "enable_accelerated_networking": false,
            "enable_ip_forwarding": false,
            "id": "/subscriptions/fbcaab86-89d2-415d-bea2-e9c0080e273e/resourceGroups/rg-kube/providers/Microsoft.Network/networkInterfaces/nic-master",
            "internal_dns_name_label": "",
            "internal_domain_name_suffix": "v5ymdaeevxderpsfk2ahaaqnsg.zx.internal.cloudapp.net",
            "ip_configuration": [
              {
                "gateway_load_balancer_frontend_ip_configuration_id": "",
                "name": "kubeipconfiguration1",
                "primary": true,
                "private_ip_address": "10.0.1.11",
                "private_ip_address_allocation": "Static",
                "private_ip_address_version": "IPv4",
                "public_ip_address_id": "/subscriptions/fbcaab86-89d2-415d-bea2-e9c0080e273e/resourceGroups/rg-kube/providers/Microsoft.Network/publicIPAddresses/pubip-master",
                "subnet_id": "/subscriptions/fbcaab86-89d2-415d-bea2-e9c0080e273e/resourceGroups/rg-kube/providers/Microsoft.Network/virtualNetworks/kubenet/subnets/kubesubnet"
              }
            ],
            "location": "uksouth",
            "mac_address": "",
            "name": "nic-master",
            "private_ip_address": "10.0.1.11",
            "private_ip_addresses": [
              "10.0.1.11"
            ],
            "resource_group_name": "rg-kube",
            "tags": {
              "environment": "PREPROD"
            },
            "timeouts": null,
            "virtual_machine_id": ""
          },
          "sensitive_attributes": [],
          "private": "eyJlMmJmYjczMC1lY2FhLTExZTYtOGY4OC0zNDM2M2JjN2M0YzAiOnsiY3JlYXRlIjoxODAwMDAwMDAwMDAwLCJkZWxldGUiOjE4MDAwMDAwMDAwMDAsInJlYWQiOjMwMDAwMDAwMDAwMCwidXBkYXRlIjoxODAwMDAwMDAwMDAwfX0=",
          "dependencies": [
            "azurerm_public_ip.kubePublicIpMasterNfs",
            "azurerm_resource_group.rg",
            "azurerm_subnet.kubeSubnet",
            "azurerm_virtual_network.kubeNet"
          ]
        },
        {
          "index_key": 1,
          "schema_version": 0,
          "attributes": {
            "applied_dns_servers": [],
            "dns_servers": [],
            "edge_zone": "",
            "enable_accelerated_networking": false,
            "enable_ip_forwarding": false,
            "id": "/subscriptions/fbcaab86-89d2-415d-bea2-e9c0080e273e/resourceGroups/rg-kube/providers/Microsoft.Network/networkInterfaces/nic-nfs",
            "internal_dns_name_label": "",
            "internal_domain_name_suffix": "v5ymdaeevxderpsfk2ahaaqnsg.zx.internal.cloudapp.net",
            "ip_configuration": [
              {
                "gateway_load_balancer_frontend_ip_configuration_id": "",
                "name": "kubeipconfiguration1",
                "primary": true,
                "private_ip_address": "10.0.1.12",
                "private_ip_address_allocation": "Static",
                "private_ip_address_version": "IPv4",
                "public_ip_address_id": "/subscriptions/fbcaab86-89d2-415d-bea2-e9c0080e273e/resourceGroups/rg-kube/providers/Microsoft.Network/publicIPAddresses/pubip-nfs",
                "subnet_id": "/subscriptions/fbcaab86-89d2-415d-bea2-e9c0080e273e/resourceGroups/rg-kube/providers/Microsoft.Network/virtualNetworks/kubenet/subnets/kubesubnet"
              }
            ],
            "location": "uksouth",
            "mac_address": "",
            "name": "nic-nfs",
            "private_ip_address": "10.0.1.12",
            "private_ip_addresses": [
              "10.0.1.12"
            ],
            "resource_group_name": "rg-kube",
            "tags": {
              "environment": "PREPROD"
            },
            "timeouts": null,
            "virtual_machine_id": ""
          },
          "sensitive_attributes": [],
          "private": "eyJlMmJmYjczMC1lY2FhLTExZTYtOGY4OC0zNDM2M2JjN2M0YzAiOnsiY3JlYXRlIjoxODAwMDAwMDAwMDAwLCJkZWxldGUiOjE4MDAwMDAwMDAwMDAsInJlYWQiOjMwMDAwMDAwMDAwMCwidXBkYXRlIjoxODAwMDAwMDAwMDAwfX0=",
          "dependencies": [
            "azurerm_public_ip.kubePublicIpMasterNfs",
            "azurerm_resource_group.rg",
            "azurerm_subnet.kubeSubnet",
            "azurerm_virtual_network.kubeNet"
          ]
        }
      ]
    },
    {
      "mode": "managed",
      "type": "azurerm_network_interface",
      "name": "kubeNicWorkers",
      "provider": "provider[\"registry.terraform.io/hashicorp/azurerm\"]",
      "instances": [
        {
          "index_key": 0,
          "schema_version": 0,
          "attributes": {
            "applied_dns_servers": [],
            "dns_servers": [],
            "edge_zone": "",
            "enable_accelerated_networking": false,
            "enable_ip_forwarding": false,
            "id": "/subscriptions/fbcaab86-89d2-415d-bea2-e9c0080e273e/resourceGroups/rg-kube/providers/Microsoft.Network/networkInterfaces/nic-worker01",
            "internal_dns_name_label": "",
            "internal_domain_name_suffix": "v5ymdaeevxderpsfk2ahaaqnsg.zx.internal.cloudapp.net",
            "ip_configuration": [
              {
                "gateway_load_balancer_frontend_ip_configuration_id": "",
                "name": "kubeipconfiguration1",
                "primary": true,
                "private_ip_address": "10.0.1.14",
                "private_ip_address_allocation": "Static",
                "private_ip_address_version": "IPv4",
                "public_ip_address_id": "/subscriptions/fbcaab86-89d2-415d-bea2-e9c0080e273e/resourceGroups/rg-kube/providers/Microsoft.Network/publicIPAddresses/pubip-worker01",
                "subnet_id": "/subscriptions/fbcaab86-89d2-415d-bea2-e9c0080e273e/resourceGroups/rg-kube/providers/Microsoft.Network/virtualNetworks/kubenet/subnets/kubesubnet"
              }
            ],
            "location": "uksouth",
            "mac_address": "",
            "name": "nic-worker01",
            "private_ip_address": "10.0.1.14",
            "private_ip_addresses": [
              "10.0.1.14"
            ],
            "resource_group_name": "rg-kube",
            "tags": {
              "environment": "PREPROD"
            },
            "timeouts": null,
            "virtual_machine_id": ""
          },
          "sensitive_attributes": [],
          "private": "eyJlMmJmYjczMC1lY2FhLTExZTYtOGY4OC0zNDM2M2JjN2M0YzAiOnsiY3JlYXRlIjoxODAwMDAwMDAwMDAwLCJkZWxldGUiOjE4MDAwMDAwMDAwMDAsInJlYWQiOjMwMDAwMDAwMDAwMCwidXBkYXRlIjoxODAwMDAwMDAwMDAwfX0=",
          "dependencies": [
            "azurerm_public_ip.kubePublicIpWorkers",
            "azurerm_resource_group.rg",
            "azurerm_subnet.kubeSubnet",
            "azurerm_virtual_network.kubeNet"
          ]
        },
        {
          "index_key": 1,
          "schema_version": 0,
          "attributes": {
            "applied_dns_servers": [],
            "dns_servers": [],
            "edge_zone": "",
            "enable_accelerated_networking": false,
            "enable_ip_forwarding": false,
            "id": "/subscriptions/fbcaab86-89d2-415d-bea2-e9c0080e273e/resourceGroups/rg-kube/providers/Microsoft.Network/networkInterfaces/nic-worker02",
            "internal_dns_name_label": "",
            "internal_domain_name_suffix": "v5ymdaeevxderpsfk2ahaaqnsg.zx.internal.cloudapp.net",
            "ip_configuration": [
              {
                "gateway_load_balancer_frontend_ip_configuration_id": "",
                "name": "kubeipconfiguration1",
                "primary": true,
                "private_ip_address": "10.0.1.15",
                "private_ip_address_allocation": "Static",
                "private_ip_address_version": "IPv4",
                "public_ip_address_id": "/subscriptions/fbcaab86-89d2-415d-bea2-e9c0080e273e/resourceGroups/rg-kube/providers/Microsoft.Network/publicIPAddresses/pubip-worker02",
                "subnet_id": "/subscriptions/fbcaab86-89d2-415d-bea2-e9c0080e273e/resourceGroups/rg-kube/providers/Microsoft.Network/virtualNetworks/kubenet/subnets/kubesubnet"
              }
            ],
            "location": "uksouth",
            "mac_address": "",
            "name": "nic-worker02",
            "private_ip_address": "10.0.1.15",
            "private_ip_addresses": [
              "10.0.1.15"
            ],
            "resource_group_name": "rg-kube",
            "tags": {
              "environment": "PREPROD"
            },
            "timeouts": null,
            "virtual_machine_id": ""
          },
          "sensitive_attributes": [],
          "private": "eyJlMmJmYjczMC1lY2FhLTExZTYtOGY4OC0zNDM2M2JjN2M0YzAiOnsiY3JlYXRlIjoxODAwMDAwMDAwMDAwLCJkZWxldGUiOjE4MDAwMDAwMDAwMDAsInJlYWQiOjMwMDAwMDAwMDAwMCwidXBkYXRlIjoxODAwMDAwMDAwMDAwfX0=",
          "dependencies": [
            "azurerm_public_ip.kubePublicIpWorkers",
            "azurerm_resource_group.rg",
            "azurerm_subnet.kubeSubnet",
            "azurerm_virtual_network.kubeNet"
          ]
        }
      ]
    },
    {
      "mode": "managed",
      "type": "azurerm_network_interface_security_group_association",
      "name": "kubeSecGroupAssociationMastarNfs",
      "provider": "provider[\"registry.terraform.io/hashicorp/azurerm\"]",
      "instances": [
        {
          "index_key": 0,
          "schema_version": 0,
          "attributes": {
            "id": "/subscriptions/fbcaab86-89d2-415d-bea2-e9c0080e273e/resourceGroups/rg-kube/providers/Microsoft.Network/networkInterfaces/nic-master|/subscriptions/fbcaab86-89d2-415d-bea2-e9c0080e273e/resourceGroups/rg-kube/providers/Microsoft.Network/networkSecurityGroups/secgroup-master",
            "network_interface_id": "/subscriptions/fbcaab86-89d2-415d-bea2-e9c0080e273e/resourceGroups/rg-kube/providers/Microsoft.Network/networkInterfaces/nic-master",
            "network_security_group_id": "/subscriptions/fbcaab86-89d2-415d-bea2-e9c0080e273e/resourceGroups/rg-kube/providers/Microsoft.Network/networkSecurityGroups/secgroup-master",
            "timeouts": null
          },
          "sensitive_attributes": [],
          "private": "eyJlMmJmYjczMC1lY2FhLTExZTYtOGY4OC0zNDM2M2JjN2M0YzAiOnsiY3JlYXRlIjoxODAwMDAwMDAwMDAwLCJkZWxldGUiOjE4MDAwMDAwMDAwMDAsInJlYWQiOjMwMDAwMDAwMDAwMCwidXBkYXRlIjoxODAwMDAwMDAwMDAwfX0=",
          "dependencies": [
            "azurerm_network_interface.kubeNicMasterNfs",
            "azurerm_network_security_group.kubeSecGroupMasterNfs",
            "azurerm_public_ip.kubePublicIpMasterNfs",
            "azurerm_resource_group.rg",
            "azurerm_subnet.kubeSubnet",
            "azurerm_virtual_network.kubeNet"
          ]
        },
        {
          "index_key": 1,
          "schema_version": 0,
          "attributes": {
            "id": "/subscriptions/fbcaab86-89d2-415d-bea2-e9c0080e273e/resourceGroups/rg-kube/providers/Microsoft.Network/networkInterfaces/nic-nfs|/subscriptions/fbcaab86-89d2-415d-bea2-e9c0080e273e/resourceGroups/rg-kube/providers/Microsoft.Network/networkSecurityGroups/secgroup-nfs",
            "network_interface_id": "/subscriptions/fbcaab86-89d2-415d-bea2-e9c0080e273e/resourceGroups/rg-kube/providers/Microsoft.Network/networkInterfaces/nic-nfs",
            "network_security_group_id": "/subscriptions/fbcaab86-89d2-415d-bea2-e9c0080e273e/resourceGroups/rg-kube/providers/Microsoft.Network/networkSecurityGroups/secgroup-nfs",
            "timeouts": null
          },
          "sensitive_attributes": [],
          "private": "eyJlMmJmYjczMC1lY2FhLTExZTYtOGY4OC0zNDM2M2JjN2M0YzAiOnsiY3JlYXRlIjoxODAwMDAwMDAwMDAwLCJkZWxldGUiOjE4MDAwMDAwMDAwMDAsInJlYWQiOjMwMDAwMDAwMDAwMCwidXBkYXRlIjoxODAwMDAwMDAwMDAwfX0=",
          "dependencies": [
            "azurerm_network_interface.kubeNicMasterNfs",
            "azurerm_network_security_group.kubeSecGroupMasterNfs",
            "azurerm_public_ip.kubePublicIpMasterNfs",
            "azurerm_resource_group.rg",
            "azurerm_subnet.kubeSubnet",
            "azurerm_virtual_network.kubeNet"
          ]
        }
      ]
    },
    {
      "mode": "managed",
      "type": "azurerm_network_interface_security_group_association",
      "name": "kubeSecGroupAssociationWorkers",
      "provider": "provider[\"registry.terraform.io/hashicorp/azurerm\"]",
      "instances": [
        {
          "index_key": 0,
          "schema_version": 0,
          "attributes": {
            "id": "/subscriptions/fbcaab86-89d2-415d-bea2-e9c0080e273e/resourceGroups/rg-kube/providers/Microsoft.Network/networkInterfaces/nic-worker01|/subscriptions/fbcaab86-89d2-415d-bea2-e9c0080e273e/resourceGroups/rg-kube/providers/Microsoft.Network/networkSecurityGroups/secgroup-worker01",
            "network_interface_id": "/subscriptions/fbcaab86-89d2-415d-bea2-e9c0080e273e/resourceGroups/rg-kube/providers/Microsoft.Network/networkInterfaces/nic-worker01",
            "network_security_group_id": "/subscriptions/fbcaab86-89d2-415d-bea2-e9c0080e273e/resourceGroups/rg-kube/providers/Microsoft.Network/networkSecurityGroups/secgroup-worker01",
            "timeouts": null
          },
          "sensitive_attributes": [],
          "private": "eyJlMmJmYjczMC1lY2FhLTExZTYtOGY4OC0zNDM2M2JjN2M0YzAiOnsiY3JlYXRlIjoxODAwMDAwMDAwMDAwLCJkZWxldGUiOjE4MDAwMDAwMDAwMDAsInJlYWQiOjMwMDAwMDAwMDAwMCwidXBkYXRlIjoxODAwMDAwMDAwMDAwfX0=",
          "dependencies": [
            "azurerm_network_interface.kubeNicWorkers",
            "azurerm_network_security_group.kubeSecGroupWorkers",
            "azurerm_public_ip.kubePublicIpWorkers",
            "azurerm_resource_group.rg",
            "azurerm_subnet.kubeSubnet",
            "azurerm_virtual_network.kubeNet"
          ]
        },
        {
          "index_key": 1,
          "schema_version": 0,
          "attributes": {
            "id": "/subscriptions/fbcaab86-89d2-415d-bea2-e9c0080e273e/resourceGroups/rg-kube/providers/Microsoft.Network/networkInterfaces/nic-worker02|/subscriptions/fbcaab86-89d2-415d-bea2-e9c0080e273e/resourceGroups/rg-kube/providers/Microsoft.Network/networkSecurityGroups/secgroup-worker02",
            "network_interface_id": "/subscriptions/fbcaab86-89d2-415d-bea2-e9c0080e273e/resourceGroups/rg-kube/providers/Microsoft.Network/networkInterfaces/nic-worker02",
            "network_security_group_id": "/subscriptions/fbcaab86-89d2-415d-bea2-e9c0080e273e/resourceGroups/rg-kube/providers/Microsoft.Network/networkSecurityGroups/secgroup-worker02",
            "timeouts": null
          },
          "sensitive_attributes": [],
          "private": "eyJlMmJmYjczMC1lY2FhLTExZTYtOGY4OC0zNDM2M2JjN2M0YzAiOnsiY3JlYXRlIjoxODAwMDAwMDAwMDAwLCJkZWxldGUiOjE4MDAwMDAwMDAwMDAsInJlYWQiOjMwMDAwMDAwMDAwMCwidXBkYXRlIjoxODAwMDAwMDAwMDAwfX0=",
          "dependencies": [
            "azurerm_network_interface.kubeNicWorkers",
            "azurerm_network_security_group.kubeSecGroupWorkers",
            "azurerm_public_ip.kubePublicIpWorkers",
            "azurerm_resource_group.rg",
            "azurerm_subnet.kubeSubnet",
            "azurerm_virtual_network.kubeNet"
          ]
        }
      ]
    },
    {
      "mode": "managed",
      "type": "azurerm_network_security_group",
      "name": "kubeSecGroupMasterNfs",
      "provider": "provider[\"registry.terraform.io/hashicorp/azurerm\"]",
      "instances": [
        {
          "index_key": 0,
          "schema_version": 0,
          "attributes": {
            "id": "/subscriptions/fbcaab86-89d2-415d-bea2-e9c0080e273e/resourceGroups/rg-kube/providers/Microsoft.Network/networkSecurityGroups/secgroup-master",
            "location": "uksouth",
            "name": "secgroup-master",
            "resource_group_name": "rg-kube",
            "security_rule": [
              {
                "access": "Allow",
                "description": "",
                "destination_address_prefix": "*",
                "destination_address_prefixes": [],
                "destination_application_security_group_ids": [],
                "destination_port_range": "22",
                "destination_port_ranges": [],
                "direction": "Inbound",
                "name": "SSH",
                "priority": 1001,
                "protocol": "Tcp",
                "source_address_prefix": "*",
                "source_address_prefixes": [],
                "source_application_security_group_ids": [],
                "source_port_range": "*",
                "source_port_ranges": []
              }
            ],
            "tags": {
              "environment": "PREPROD"
            },
            "timeouts": null
          },
          "sensitive_attributes": [],
          "private": "eyJlMmJmYjczMC1lY2FhLTExZTYtOGY4OC0zNDM2M2JjN2M0YzAiOnsiY3JlYXRlIjoxODAwMDAwMDAwMDAwLCJkZWxldGUiOjE4MDAwMDAwMDAwMDAsInJlYWQiOjMwMDAwMDAwMDAwMCwidXBkYXRlIjoxODAwMDAwMDAwMDAwfX0=",
          "dependencies": [
            "azurerm_resource_group.rg"
          ]
        },
        {
          "index_key": 1,
          "schema_version": 0,
          "attributes": {
            "id": "/subscriptions/fbcaab86-89d2-415d-bea2-e9c0080e273e/resourceGroups/rg-kube/providers/Microsoft.Network/networkSecurityGroups/secgroup-nfs",
            "location": "uksouth",
            "name": "secgroup-nfs",
            "resource_group_name": "rg-kube",
            "security_rule": [
              {
                "access": "Allow",
                "description": "",
                "destination_address_prefix": "*",
                "destination_address_prefixes": [],
                "destination_application_security_group_ids": [],
                "destination_port_range": "22",
                "destination_port_ranges": [],
                "direction": "Inbound",
                "name": "SSH",
                "priority": 1001,
                "protocol": "Tcp",
                "source_address_prefix": "*",
                "source_address_prefixes": [],
                "source_application_security_group_ids": [],
                "source_port_range": "*",
                "source_port_ranges": []
              }
            ],
            "tags": {
              "environment": "PREPROD"
            },
            "timeouts": null
          },
          "sensitive_attributes": [],
          "private": "eyJlMmJmYjczMC1lY2FhLTExZTYtOGY4OC0zNDM2M2JjN2M0YzAiOnsiY3JlYXRlIjoxODAwMDAwMDAwMDAwLCJkZWxldGUiOjE4MDAwMDAwMDAwMDAsInJlYWQiOjMwMDAwMDAwMDAwMCwidXBkYXRlIjoxODAwMDAwMDAwMDAwfX0=",
          "dependencies": [
            "azurerm_resource_group.rg"
          ]
        }
      ]
    },
    {
      "mode": "managed",
      "type": "azurerm_network_security_group",
      "name": "kubeSecGroupWorkers",
      "provider": "provider[\"registry.terraform.io/hashicorp/azurerm\"]",
      "instances": [
        {
          "index_key": 0,
          "schema_version": 0,
          "attributes": {
            "id": "/subscriptions/fbcaab86-89d2-415d-bea2-e9c0080e273e/resourceGroups/rg-kube/providers/Microsoft.Network/networkSecurityGroups/secgroup-worker01",
            "location": "uksouth",
            "name": "secgroup-worker01",
            "resource_group_name": "rg-kube",
            "security_rule": [
              {
                "access": "Allow",
                "description": "",
                "destination_address_prefix": "*",
                "destination_address_prefixes": [],
                "destination_application_security_group_ids": [],
                "destination_port_range": "22",
                "destination_port_ranges": [],
                "direction": "Inbound",
                "name": "SSH",
                "priority": 1001,
                "protocol": "Tcp",
                "source_address_prefix": "*",
                "source_address_prefixes": [],
                "source_application_security_group_ids": [],
                "source_port_range": "*",
                "source_port_ranges": []
              }
            ],
            "tags": {
              "environment": "PREPROD"
            },
            "timeouts": null
          },
          "sensitive_attributes": [],
          "private": "eyJlMmJmYjczMC1lY2FhLTExZTYtOGY4OC0zNDM2M2JjN2M0YzAiOnsiY3JlYXRlIjoxODAwMDAwMDAwMDAwLCJkZWxldGUiOjE4MDAwMDAwMDAwMDAsInJlYWQiOjMwMDAwMDAwMDAwMCwidXBkYXRlIjoxODAwMDAwMDAwMDAwfX0=",
          "dependencies": [
            "azurerm_resource_group.rg"
          ]
        },
        {
          "index_key": 1,
          "schema_version": 0,
          "attributes": {
            "id": "/subscriptions/fbcaab86-89d2-415d-bea2-e9c0080e273e/resourceGroups/rg-kube/providers/Microsoft.Network/networkSecurityGroups/secgroup-worker02",
            "location": "uksouth",
            "name": "secgroup-worker02",
            "resource_group_name": "rg-kube",
            "security_rule": [
              {
                "access": "Allow",
                "description": "",
                "destination_address_prefix": "*",
                "destination_address_prefixes": [],
                "destination_application_security_group_ids": [],
                "destination_port_range": "22",
                "destination_port_ranges": [],
                "direction": "Inbound",
                "name": "SSH",
                "priority": 1001,
                "protocol": "Tcp",
                "source_address_prefix": "*",
                "source_address_prefixes": [],
                "source_application_security_group_ids": [],
                "source_port_range": "*",
                "source_port_ranges": []
              }
            ],
            "tags": {
              "environment": "PREPROD"
            },
            "timeouts": null
          },
          "sensitive_attributes": [],
          "private": "eyJlMmJmYjczMC1lY2FhLTExZTYtOGY4OC0zNDM2M2JjN2M0YzAiOnsiY3JlYXRlIjoxODAwMDAwMDAwMDAwLCJkZWxldGUiOjE4MDAwMDAwMDAwMDAsInJlYWQiOjMwMDAwMDAwMDAwMCwidXBkYXRlIjoxODAwMDAwMDAwMDAwfX0=",
          "dependencies": [
            "azurerm_resource_group.rg"
          ]
        }
      ]
    },
    {
      "mode": "managed",
      "type": "azurerm_public_ip",
      "name": "kubePublicIpMasterNfs",
      "provider": "provider[\"registry.terraform.io/hashicorp/azurerm\"]",
      "instances": [
        {
          "index_key": 0,
          "schema_version": 0,
          "attributes": {
            "allocation_method": "Dynamic",
            "domain_name_label": null,
            "edge_zone": "",
            "fqdn": null,
            "id": "/subscriptions/fbcaab86-89d2-415d-bea2-e9c0080e273e/resourceGroups/rg-kube/providers/Microsoft.Network/publicIPAddresses/pubip-master",
            "idle_timeout_in_minutes": 4,
            "ip_address": "",
            "ip_tags": null,
            "ip_version": "IPv4",
            "location": "uksouth",
            "name": "pubip-master",
            "public_ip_prefix_id": null,
            "resource_group_name": "rg-kube",
            "reverse_fqdn": null,
            "sku": "Basic",
            "sku_tier": "Regional",
            "tags": {
              "environment": "PREPROD"
            },
            "timeouts": null,
            "zones": null
          },
          "sensitive_attributes": [],
          "private": "eyJlMmJmYjczMC1lY2FhLTExZTYtOGY4OC0zNDM2M2JjN2M0YzAiOnsiY3JlYXRlIjoxODAwMDAwMDAwMDAwLCJkZWxldGUiOjE4MDAwMDAwMDAwMDAsInJlYWQiOjMwMDAwMDAwMDAwMCwidXBkYXRlIjoxODAwMDAwMDAwMDAwfX0=",
          "dependencies": [
            "azurerm_resource_group.rg"
          ]
        },
        {
          "index_key": 1,
          "schema_version": 0,
          "attributes": {
            "allocation_method": "Dynamic",
            "domain_name_label": null,
            "edge_zone": "",
            "fqdn": null,
            "id": "/subscriptions/fbcaab86-89d2-415d-bea2-e9c0080e273e/resourceGroups/rg-kube/providers/Microsoft.Network/publicIPAddresses/pubip-nfs",
            "idle_timeout_in_minutes": 4,
            "ip_address": "",
            "ip_tags": null,
            "ip_version": "IPv4",
            "location": "uksouth",
            "name": "pubip-nfs",
            "public_ip_prefix_id": null,
            "resource_group_name": "rg-kube",
            "reverse_fqdn": null,
            "sku": "Basic",
            "sku_tier": "Regional",
            "tags": {
              "environment": "PREPROD"
            },
            "timeouts": null,
            "zones": null
          },
          "sensitive_attributes": [],
          "private": "eyJlMmJmYjczMC1lY2FhLTExZTYtOGY4OC0zNDM2M2JjN2M0YzAiOnsiY3JlYXRlIjoxODAwMDAwMDAwMDAwLCJkZWxldGUiOjE4MDAwMDAwMDAwMDAsInJlYWQiOjMwMDAwMDAwMDAwMCwidXBkYXRlIjoxODAwMDAwMDAwMDAwfX0=",
          "dependencies": [
            "azurerm_resource_group.rg"
          ]
        }
      ]
    },
    {
      "mode": "managed",
      "type": "azurerm_public_ip",
      "name": "kubePublicIpWorkers",
      "provider": "provider[\"registry.terraform.io/hashicorp/azurerm\"]",
      "instances": [
        {
          "index_key": 0,
          "schema_version": 0,
          "attributes": {
            "allocation_method": "Dynamic",
            "domain_name_label": null,
            "edge_zone": "",
            "fqdn": null,
            "id": "/subscriptions/fbcaab86-89d2-415d-bea2-e9c0080e273e/resourceGroups/rg-kube/providers/Microsoft.Network/publicIPAddresses/pubip-worker01",
            "idle_timeout_in_minutes": 4,
            "ip_address": "",
            "ip_tags": null,
            "ip_version": "IPv4",
            "location": "uksouth",
            "name": "pubip-worker01",
            "public_ip_prefix_id": null,
            "resource_group_name": "rg-kube",
            "reverse_fqdn": null,
            "sku": "Basic",
            "sku_tier": "Regional",
            "tags": {
              "environment": "PREPROD"
            },
            "timeouts": null,
            "zones": null
          },
          "sensitive_attributes": [],
          "private": "eyJlMmJmYjczMC1lY2FhLTExZTYtOGY4OC0zNDM2M2JjN2M0YzAiOnsiY3JlYXRlIjoxODAwMDAwMDAwMDAwLCJkZWxldGUiOjE4MDAwMDAwMDAwMDAsInJlYWQiOjMwMDAwMDAwMDAwMCwidXBkYXRlIjoxODAwMDAwMDAwMDAwfX0=",
          "dependencies": [
            "azurerm_resource_group.rg"
          ]
        },
        {
          "index_key": 1,
          "schema_version": 0,
          "attributes": {
            "allocation_method": "Dynamic",
            "domain_name_label": null,
            "edge_zone": "",
            "fqdn": null,
            "id": "/subscriptions/fbcaab86-89d2-415d-bea2-e9c0080e273e/resourceGroups/rg-kube/providers/Microsoft.Network/publicIPAddresses/pubip-worker02",
            "idle_timeout_in_minutes": 4,
            "ip_address": "",
            "ip_tags": null,
            "ip_version": "IPv4",
            "location": "uksouth",
            "name": "pubip-worker02",
            "public_ip_prefix_id": null,
            "resource_group_name": "rg-kube",
            "reverse_fqdn": null,
            "sku": "Basic",
            "sku_tier": "Regional",
            "tags": {
              "environment": "PREPROD"
            },
            "timeouts": null,
            "zones": null
          },
          "sensitive_attributes": [],
          "private": "eyJlMmJmYjczMC1lY2FhLTExZTYtOGY4OC0zNDM2M2JjN2M0YzAiOnsiY3JlYXRlIjoxODAwMDAwMDAwMDAwLCJkZWxldGUiOjE4MDAwMDAwMDAwMDAsInJlYWQiOjMwMDAwMDAwMDAwMCwidXBkYXRlIjoxODAwMDAwMDAwMDAwfX0=",
          "dependencies": [
            "azurerm_resource_group.rg"
          ]
        }
      ]
    },
    {
      "mode": "managed",
      "type": "azurerm_resource_group",
      "name": "rg",
      "provider": "provider[\"registry.terraform.io/hashicorp/azurerm\"]",
      "instances": [
        {
          "schema_version": 0,
          "attributes": {
            "id": "/subscriptions/fbcaab86-89d2-415d-bea2-e9c0080e273e/resourceGroups/rg-kube",
            "location": "uksouth",
            "name": "rg-kube",
            "tags": {
              "environment": "PREPROD"
            },
            "timeouts": null
          },
          "sensitive_attributes": [],
          "private": "eyJlMmJmYjczMC1lY2FhLTExZTYtOGY4OC0zNDM2M2JjN2M0YzAiOnsiY3JlYXRlIjo1NDAwMDAwMDAwMDAwLCJkZWxldGUiOjU0MDAwMDAwMDAwMDAsInJlYWQiOjMwMDAwMDAwMDAwMCwidXBkYXRlIjo1NDAwMDAwMDAwMDAwfX0="
        }
      ]
    },
    {
      "mode": "managed",
      "type": "azurerm_subnet",
      "name": "kubeSubnet",
      "provider": "provider[\"registry.terraform.io/hashicorp/azurerm\"]",
      "instances": [
        {
          "schema_version": 0,
          "attributes": {
            "address_prefixes": [
              "10.0.1.0/24"
            ],
            "delegation": [],
            "enforce_private_link_endpoint_network_policies": false,
            "enforce_private_link_service_network_policies": false,
            "id": "/subscriptions/fbcaab86-89d2-415d-bea2-e9c0080e273e/resourceGroups/rg-kube/providers/Microsoft.Network/virtualNetworks/kubenet/subnets/kubesubnet",
            "name": "kubesubnet",
            "resource_group_name": "rg-kube",
            "service_endpoint_policy_ids": null,
            "service_endpoints": null,
            "timeouts": null,
            "virtual_network_name": "kubenet"
          },
          "sensitive_attributes": [],
          "private": "eyJlMmJmYjczMC1lY2FhLTExZTYtOGY4OC0zNDM2M2JjN2M0YzAiOnsiY3JlYXRlIjoxODAwMDAwMDAwMDAwLCJkZWxldGUiOjE4MDAwMDAwMDAwMDAsInJlYWQiOjMwMDAwMDAwMDAwMCwidXBkYXRlIjoxODAwMDAwMDAwMDAwfX0=",
          "dependencies": [
            "azurerm_resource_group.rg",
            "azurerm_virtual_network.kubeNet"
          ]
        }
      ]
    },
    {
      "mode": "managed",
      "type": "azurerm_virtual_network",
      "name": "kubeNet",
      "provider": "provider[\"registry.terraform.io/hashicorp/azurerm\"]",
      "instances": [
        {
          "schema_version": 0,
          "attributes": {
            "address_space": [
              "10.0.0.0/16"
            ],
            "bgp_community": "",
            "ddos_protection_plan": [],
            "dns_servers": [],
            "edge_zone": "",
            "flow_timeout_in_minutes": 0,
            "guid": "80c1f0af-ad84-48c6-be45-570070020d96",
            "id": "/subscriptions/fbcaab86-89d2-415d-bea2-e9c0080e273e/resourceGroups/rg-kube/providers/Microsoft.Network/virtualNetworks/kubenet",
            "location": "uksouth",
            "name": "kubenet",
            "resource_group_name": "rg-kube",
            "subnet": [],
            "tags": {
              "environment": "PREPROD"
            },
            "timeouts": null
          },
          "sensitive_attributes": [],
          "private": "eyJlMmJmYjczMC1lY2FhLTExZTYtOGY4OC0zNDM2M2JjN2M0YzAiOnsiY3JlYXRlIjoxODAwMDAwMDAwMDAwLCJkZWxldGUiOjE4MDAwMDAwMDAwMDAsInJlYWQiOjMwMDAwMDAwMDAwMCwidXBkYXRlIjoxODAwMDAwMDAwMDAwfX0=",
          "dependencies": [
            "azurerm_resource_group.rg"
          ]
        }
      ]
    }
  ]
}
